
Microsoft Visual Studio Solution File, Format Version 12.00
# Visual Studio Version 17
VisualStudioVersion = 17.8.34511.84
MinimumVisualStudioVersion = 10.0.40219.1
Project("{FAE04EC0-301F-11D3-BF4B-00C04F79EFBC}") = "Unscramble", "Unscramble.csproj", "{416FB9B4-2397-421D-9EB7-83504AEE9174}"
EndProject
Global
	GlobalSection(SolutionConfigurationPlatforms) = preSolution
		Debug|Any CPU = Debug|Any CPU
		Release|Any CPU = Release|Any CPU
	EndGlobalSection
	GlobalSection(ProjectConfigurationPlatforms) = postSolution
		{416FB9B4-2397-421D-9EB7-83504AEE9174}.Debug|Any CPU.ActiveCfg = Debug|Any CPU
		{416FB9B4-2397-421D-9EB7-83504AEE9174}.Debug|Any CPU.Build.0 = Debug|Any CPU
		{416FB9B4-2397-421D-9EB7-83504AEE9174}.Release|Any CPU.ActiveCfg = Release|Any CPU
		{416FB9B4-2397-421D-9EB7-83504AEE9174}.Release|Any CPU.Build.0 = Release|Any CPU
	EndGlobalSection
	GlobalSection(SolutionProperties) = preSolution
		HideSolutionNode = FALSE
	EndGlobalSection
	GlobalSection(ExtensibilityGlobals) = postSolution
		SolutionGuid = {C12CD45D-05EB-4167-B7E6-16E8D350568D}
	EndGlobalSection
EndGlobal
